// !$*UTF8*$!
{
	archiveVersion = 1;
	classes = {
	};
	objectVersion = 50;
	objects = {

/* Begin PBXBuildFile section */
		0A0096AC21CC84830010691E /* Home.storyboard in Resources */ = {isa = PBXBuildFile; fileRef = 0A0096AA21CC84830010691E /* Home.storyboard */; };
		0A0096AF21CC84A50010691E /* Live.storyboard in Resources */ = {isa = PBXBuildFile; fileRef = 0A0096AD21CC84A50010691E /* Live.storyboard */; };
		0A0096B221CC84C00010691E /* Follow.storyboard in Resources */ = {isa = PBXBuildFile; fileRef = 0A0096B021CC84C00010691E /* Follow.storyboard */; };
		0A0096B521CC84F40010691E /* Profile.storyboard in Resources */ = {isa = PBXBuildFile; fileRef = 0A0096B321CC84F40010691E /* Profile.storyboard */; };
		0A0819DE21C9D5DA002B2FB3 /* AppDelegate.swift in Sources */ = {isa = PBXBuildFile; fileRef = 0A0819DD21C9D5DA002B2FB3 /* AppDelegate.swift */; };
		0A0819E321C9D5DA002B2FB3 /* Main.storyboard in Resources */ = {isa = PBXBuildFile; fileRef = 0A0819E121C9D5DA002B2FB3 /* Main.storyboard */; };
		0A0819E521C9D5DC002B2FB3 /* Assets.xcassets in Resources */ = {isa = PBXBuildFile; fileRef = 0A0819E421C9D5DC002B2FB3 /* Assets.xcassets */; };
		0A0819E821C9D5DC002B2FB3 /* LaunchScreen.storyboard in Resources */ = {isa = PBXBuildFile; fileRef = 0A0819E621C9D5DC002B2FB3 /* LaunchScreen.storyboard */; };
		0A78A1A721CC92590001C89D /* MainViewController.swift in Sources */ = {isa = PBXBuildFile; fileRef = 0A78A1A421CC92590001C89D /* MainViewController.swift */; };
		0A78A1A921CC92E40001C89D /* HomeViewController.swift in Sources */ = {isa = PBXBuildFile; fileRef = 0A78A1A821CC92E40001C89D /* HomeViewController.swift */; };
		0A78A1AC21CCA8030001C89D /* UIBarButtonItem-Extension.swift in Sources */ = {isa = PBXBuildFile; fileRef = 0A78A1AB21CCA8030001C89D /* UIBarButtonItem-Extension.swift */; };
		0A78A1AE21CCC50E0001C89D /* PageTitleView.swift in Sources */ = {isa = PBXBuildFile; fileRef = 0A78A1AD21CCC50E0001C89D /* PageTitleView.swift */; };
		0A78A1B021CCC9080001C89D /* Common.swift in Sources */ = {isa = PBXBuildFile; fileRef = 0A78A1AF21CCC9080001C89D /* Common.swift */; };
		0A78A1B221CD3D530001C89D /* PageContentView.swift in Sources */ = {isa = PBXBuildFile; fileRef = 0A78A1B121CD3D530001C89D /* PageContentView.swift */; };
		0A7F140121E70E8D0052A88C /* RecommendViewController.swift in Sources */ = {isa = PBXBuildFile; fileRef = 0A7F140021E70E8D0052A88C /* RecommendViewController.swift */; };
		0A7F140421E721810052A88C /* CollectionHeaderView.swift in Sources */ = {isa = PBXBuildFile; fileRef = 0A7F140221E721810052A88C /* CollectionHeaderView.swift */; };
		0A7F140521E721810052A88C /* CollectionHeaderView.xib in Resources */ = {isa = PBXBuildFile; fileRef = 0A7F140321E721810052A88C /* CollectionHeaderView.xib */; };
		0A7F140821E72D0C0052A88C /* CollectionViewNormalCell.swift in Sources */ = {isa = PBXBuildFile; fileRef = 0A7F140621E72D0C0052A88C /* CollectionViewNormalCell.swift */; };
		0A7F140921E72D0C0052A88C /* CollectionViewNormalCell.xib in Resources */ = {isa = PBXBuildFile; fileRef = 0A7F140721E72D0C0052A88C /* CollectionViewNormalCell.xib */; };
		0A7F140C21E736AC0052A88C /* CollectionPrettyCell.swift in Sources */ = {isa = PBXBuildFile; fileRef = 0A7F140A21E736AC0052A88C /* CollectionPrettyCell.swift */; };
		0A7F140D21E736AC0052A88C /* CollectionPrettyCell.xib in Resources */ = {isa = PBXBuildFile; fileRef = 0A7F140B21E736AC0052A88C /* CollectionPrettyCell.xib */; };
		0A7F140F21E7485B0052A88C /* NetworkTools.swift in Sources */ = {isa = PBXBuildFile; fileRef = 0A7F140E21E7485B0052A88C /* NetworkTools.swift */; };
		0A7F141221E750A70052A88C /* RecommendViewModel.swift in Sources */ = {isa = PBXBuildFile; fileRef = 0A7F141121E750A70052A88C /* RecommendViewModel.swift */; };
		0A7F141421E85D1E0052A88C /* NSDate-Extension.swift in Sources */ = {isa = PBXBuildFile; fileRef = 0A7F141321E85D1E0052A88C /* NSDate-Extension.swift */; };
		0A7F141821E894240052A88C /* AnchorGroup.swift in Sources */ = {isa = PBXBuildFile; fileRef = 0A7F141721E894240052A88C /* AnchorGroup.swift */; };
		0A7F141A21E897500052A88C /* AnchorModel.swift in Sources */ = {isa = PBXBuildFile; fileRef = 0A7F141921E897500052A88C /* AnchorModel.swift */; };
		0A8160E821D332050095AFD4 /* UIColor-Extension.swift in Sources */ = {isa = PBXBuildFile; fileRef = 0A8160E721D332050095AFD4 /* UIColor-Extension.swift */; };
		D3C332B817D9C235AF815020 /* Pods_DouYuZ.framework in Frameworks */ = {isa = PBXBuildFile; fileRef = 305957B77D7D71DBFD55DD60 /* Pods_DouYuZ.framework */; };
/* End PBXBuildFile section */

/* Begin PBXFileReference section */
		0A0096AB21CC84830010691E /* Base */ = {isa = PBXFileReference; lastKnownFileType = file.storyboard; name = Base; path = DouYuZ/Base.lproj/Home.storyboard; sourceTree = SOURCE_ROOT; };
		0A0096AE21CC84A50010691E /* Base */ = {isa = PBXFileReference; lastKnownFileType = file.storyboard; name = Base; path = DouYuZ/Base.lproj/Live.storyboard; sourceTree = SOURCE_ROOT; };
		0A0096B121CC84C00010691E /* Base */ = {isa = PBXFileReference; lastKnownFileType = file.storyboard; name = Base; path = DouYuZ/Base.lproj/Follow.storyboard; sourceTree = SOURCE_ROOT; };
		0A0096B421CC84F40010691E /* Base */ = {isa = PBXFileReference; lastKnownFileType = file.storyboard; name = Base; path = DouYuZ/Base.lproj/Profile.storyboard; sourceTree = SOURCE_ROOT; };
		0A0819DA21C9D5DA002B2FB3 /* DouYuZ.app */ = {isa = PBXFileReference; explicitFileType = wrapper.application; includeInIndex = 0; path = DouYuZ.app; sourceTree = BUILT_PRODUCTS_DIR; };
		0A0819DD21C9D5DA002B2FB3 /* AppDelegate.swift */ = {isa = PBXFileReference; lastKnownFileType = sourcecode.swift; path = AppDelegate.swift; sourceTree = "<group>"; };
		0A0819E221C9D5DA002B2FB3 /* Base */ = {isa = PBXFileReference; lastKnownFileType = file.storyboard; name = Base; path = Base.lproj/Main.storyboard; sourceTree = "<group>"; };
		0A0819E421C9D5DC002B2FB3 /* Assets.xcassets */ = {isa = PBXFileReference; lastKnownFileType = folder.assetcatalog; path = Assets.xcassets; sourceTree = "<group>"; };
		0A0819E721C9D5DC002B2FB3 /* Base */ = {isa = PBXFileReference; lastKnownFileType = file.storyboard; name = Base; path = Base.lproj/LaunchScreen.storyboard; sourceTree = "<group>"; };
		0A0819E921C9D5DC002B2FB3 /* Info.plist */ = {isa = PBXFileReference; lastKnownFileType = text.plist.xml; path = Info.plist; sourceTree = "<group>"; };
		0A78A1A421CC92590001C89D /* MainViewController.swift */ = {isa = PBXFileReference; fileEncoding = 4; lastKnownFileType = sourcecode.swift; path = MainViewController.swift; sourceTree = "<group>"; };
		0A78A1A821CC92E40001C89D /* HomeViewController.swift */ = {isa = PBXFileReference; lastKnownFileType = sourcecode.swift; path = HomeViewController.swift; sourceTree = "<group>"; };
		0A78A1AB21CCA8030001C89D /* UIBarButtonItem-Extension.swift */ = {isa = PBXFileReference; lastKnownFileType = sourcecode.swift; path = "UIBarButtonItem-Extension.swift"; sourceTree = "<group>"; };
		0A78A1AD21CCC50E0001C89D /* PageTitleView.swift */ = {isa = PBXFileReference; lastKnownFileType = sourcecode.swift; path = PageTitleView.swift; sourceTree = "<group>"; };
		0A78A1AF21CCC9080001C89D /* Common.swift */ = {isa = PBXFileReference; lastKnownFileType = sourcecode.swift; path = Common.swift; sourceTree = "<group>"; };
		0A78A1B121CD3D530001C89D /* PageContentView.swift */ = {isa = PBXFileReference; lastKnownFileType = sourcecode.swift; path = PageContentView.swift; sourceTree = "<group>"; };
		0A7F140021E70E8D0052A88C /* RecommendViewController.swift */ = {isa = PBXFileReference; lastKnownFileType = sourcecode.swift; path = RecommendViewController.swift; sourceTree = "<group>"; };
		0A7F140221E721810052A88C /* CollectionHeaderView.swift */ = {isa = PBXFileReference; lastKnownFileType = sourcecode.swift; path = CollectionHeaderView.swift; sourceTree = "<group>"; };
		0A7F140321E721810052A88C /* CollectionHeaderView.xib */ = {isa = PBXFileReference; lastKnownFileType = file.xib; path = CollectionHeaderView.xib; sourceTree = "<group>"; };
		0A7F140621E72D0C0052A88C /* CollectionViewNormalCell.swift */ = {isa = PBXFileReference; lastKnownFileType = sourcecode.swift; path = CollectionViewNormalCell.swift; sourceTree = "<group>"; };
		0A7F140721E72D0C0052A88C /* CollectionViewNormalCell.xib */ = {isa = PBXFileReference; lastKnownFileType = file.xib; path = CollectionViewNormalCell.xib; sourceTree = "<group>"; };
		0A7F140A21E736AC0052A88C /* CollectionPrettyCell.swift */ = {isa = PBXFileReference; lastKnownFileType = sourcecode.swift; path = CollectionPrettyCell.swift; sourceTree = "<group>"; };
		0A7F140B21E736AC0052A88C /* CollectionPrettyCell.xib */ = {isa = PBXFileReference; lastKnownFileType = file.xib; path = CollectionPrettyCell.xib; sourceTree = "<group>"; };
		0A7F140E21E7485B0052A88C /* NetworkTools.swift */ = {isa = PBXFileReference; fileEncoding = 4; lastKnownFileType = sourcecode.swift; path = NetworkTools.swift; sourceTree = "<group>"; };
		0A7F141121E750A70052A88C /* RecommendViewModel.swift */ = {isa = PBXFileReference; lastKnownFileType = sourcecode.swift; path = RecommendViewModel.swift; sourceTree = "<group>"; };
		0A7F141321E85D1E0052A88C /* NSDate-Extension.swift */ = {isa = PBXFileReference; lastKnownFileType = sourcecode.swift; path = "NSDate-Extension.swift"; sourceTree = "<group>"; };
		0A7F141721E894240052A88C /* AnchorGroup.swift */ = {isa = PBXFileReference; lastKnownFileType = sourcecode.swift; path = AnchorGroup.swift; sourceTree = "<group>"; };
		0A7F141921E897500052A88C /* AnchorModel.swift */ = {isa = PBXFileReference; lastKnownFileType = sourcecode.swift; path = AnchorModel.swift; sourceTree = "<group>"; };
		0A8160E721D332050095AFD4 /* UIColor-Extension.swift */ = {isa = PBXFileReference; lastKnownFileType = sourcecode.swift; path = "UIColor-Extension.swift"; sourceTree = "<group>"; };
		305957B77D7D71DBFD55DD60 /* Pods_DouYuZ.framework */ = {isa = PBXFileReference; explicitFileType = wrapper.framework; includeInIndex = 0; path = Pods_DouYuZ.framework; sourceTree = BUILT_PRODUCTS_DIR; };
		AE674827DD492C18C5AB3ED5 /* Pods-DouYuZ.debug.xcconfig */ = {isa = PBXFileReference; includeInIndex = 1; lastKnownFileType = text.xcconfig; name = "Pods-DouYuZ.debug.xcconfig"; path = "Pods/Target Support Files/Pods-DouYuZ/Pods-DouYuZ.debug.xcconfig"; sourceTree = "<group>"; };
		F04BA71014C10524B3049738 /* Pods-DouYuZ.release.xcconfig */ = {isa = PBXFileReference; includeInIndex = 1; lastKnownFileType = text.xcconfig; name = "Pods-DouYuZ.release.xcconfig"; path = "Pods/Target Support Files/Pods-DouYuZ/Pods-DouYuZ.release.xcconfig"; sourceTree = "<group>"; };
/* End PBXFileReference section */

/* Begin PBXFrameworksBuildPhase section */
		0A0819D721C9D5DA002B2FB3 /* Frameworks */ = {
			isa = PBXFrameworksBuildPhase;
			buildActionMask = 2147483647;
			files = (
				D3C332B817D9C235AF815020 /* Pods_DouYuZ.framework in Frameworks */,
			);
			runOnlyForDeploymentPostprocessing = 0;
		};
/* End PBXFrameworksBuildPhase section */

/* Begin PBXGroup section */
		0A0819D121C9D5DA002B2FB3 = {
			isa = PBXGroup;
			children = (
				0A0819DC21C9D5DA002B2FB3 /* DouYuZ */,
				0A0819DB21C9D5DA002B2FB3 /* Products */,
				9D70EDB7614D1A2E45169B21 /* Pods */,
				2D86FE84469CA67AE4C1B72A /* Frameworks */,
			);
			sourceTree = "<group>";
		};
		0A0819DB21C9D5DA002B2FB3 /* Products */ = {
			isa = PBXGroup;
			children = (
				0A0819DA21C9D5DA002B2FB3 /* DouYuZ.app */,
			);
			name = Products;
			sourceTree = "<group>";
		};
		0A0819DC21C9D5DA002B2FB3 /* DouYuZ */ = {
			isa = PBXGroup;
			children = (
				0A9D73D921CA1A3C00CDF6A4 /* Classes */,
				0A0819DD21C9D5DA002B2FB3 /* AppDelegate.swift */,
				0A0819E421C9D5DC002B2FB3 /* Assets.xcassets */,
				0A0819E621C9D5DC002B2FB3 /* LaunchScreen.storyboard */,
				0A0819E921C9D5DC002B2FB3 /* Info.plist */,
			);
			path = DouYuZ;
			sourceTree = "<group>";
		};
		0A78A1A021CC91570001C89D /* Model */ = {
			isa = PBXGroup;
			children = (
			);
			path = Model;
			sourceTree = "<group>";
		};
		0A78A1A121CC91570001C89D /* Controller */ = {
			isa = PBXGroup;
			children = (
				0A78A1A821CC92E40001C89D /* HomeViewController.swift */,
				0A7F140021E70E8D0052A88C /* RecommendViewController.swift */,
			);
			path = Controller;
			sourceTree = "<group>";
		};
		0A78A1A221CC91570001C89D /* View */ = {
			isa = PBXGroup;
			children = (
				0A7F140221E721810052A88C /* CollectionHeaderView.swift */,
				0A7F140321E721810052A88C /* CollectionHeaderView.xib */,
			);
			path = View;
			sourceTree = "<group>";
		};
		0A78A1A321CC92590001C89D /* Controller */ = {
			isa = PBXGroup;
			children = (
				0A78A1A421CC92590001C89D /* MainViewController.swift */,
			);
			path = Controller;
			sourceTree = "<group>";
		};
		0A78A1A521CC92590001C89D /* Model */ = {
			isa = PBXGroup;
			children = (
				0A7F141721E894240052A88C /* AnchorGroup.swift */,
				0A7F141921E897500052A88C /* AnchorModel.swift */,
			);
			path = Model;
			sourceTree = "<group>";
		};
		0A78A1A621CC92590001C89D /* View */ = {
			isa = PBXGroup;
			children = (
				0A78A1AD21CCC50E0001C89D /* PageTitleView.swift */,
				0A7F140621E72D0C0052A88C /* CollectionViewNormalCell.swift */,
				0A7F140A21E736AC0052A88C /* CollectionPrettyCell.swift */,
				0A7F140B21E736AC0052A88C /* CollectionPrettyCell.xib */,
				0A7F140721E72D0C0052A88C /* CollectionViewNormalCell.xib */,
				0A78A1B121CD3D530001C89D /* PageContentView.swift */,
			);
			path = View;
			sourceTree = "<group>";
		};
		0A78A1AA21CCA7A80001C89D /* Extension */ = {
			isa = PBXGroup;
			children = (
				0A78A1AB21CCA8030001C89D /* UIBarButtonItem-Extension.swift */,
				0A7F141321E85D1E0052A88C /* NSDate-Extension.swift */,
				0A8160E721D332050095AFD4 /* UIColor-Extension.swift */,
			);
			path = Extension;
			sourceTree = "<group>";
		};
		0A7F141021E750710052A88C /* ViewModel */ = {
			isa = PBXGroup;
			children = (
				0A7F141121E750A70052A88C /* RecommendViewModel.swift */,
			);
			path = ViewModel;
			sourceTree = "<group>";
		};
		0A9D73D921CA1A3C00CDF6A4 /* Classes */ = {
			isa = PBXGroup;
			children = (
				0A9D73DF21CA1A3C00CDF6A4 /* Main */,
				0A9D73DA21CA1A3C00CDF6A4 /* Home */,
				0A9D73DE21CA1A3C00CDF6A4 /* Live */,
				0A9D73DC21CA1A3C00CDF6A4 /* Follow */,
				0A9D73DD21CA1A3C00CDF6A4 /* Profile */,
				0A9D73DB21CA1A3C00CDF6A4 /* Tools */,
			);
			path = Classes;
			sourceTree = "<group>";
		};
		0A9D73DA21CA1A3C00CDF6A4 /* Home */ = {
			isa = PBXGroup;
			children = (
				0A7F141021E750710052A88C /* ViewModel */,
				0A78A1A121CC91570001C89D /* Controller */,
				0A78A1A021CC91570001C89D /* Model */,
				0A78A1A221CC91570001C89D /* View */,
				0A0096AA21CC84830010691E /* Home.storyboard */,
			);
			path = Home;
			sourceTree = "<group>";
		};
		0A9D73DB21CA1A3C00CDF6A4 /* Tools */ = {
			isa = PBXGroup;
			children = (
				0A7F140E21E7485B0052A88C /* NetworkTools.swift */,
				0A78A1AA21CCA7A80001C89D /* Extension */,
				0A78A1AF21CCC9080001C89D /* Common.swift */,
			);
			path = Tools;
			sourceTree = "<group>";
		};
		0A9D73DC21CA1A3C00CDF6A4 /* Follow */ = {
			isa = PBXGroup;
			children = (
				0A0096B021CC84C00010691E /* Follow.storyboard */,
			);
			path = Follow;
			sourceTree = "<group>";
		};
		0A9D73DD21CA1A3C00CDF6A4 /* Profile */ = {
			isa = PBXGroup;
			children = (
				0A0096B321CC84F40010691E /* Profile.storyboard */,
			);
			path = Profile;
			sourceTree = "<group>";
		};
		0A9D73DE21CA1A3C00CDF6A4 /* Live */ = {
			isa = PBXGroup;
			children = (
				0A0096AD21CC84A50010691E /* Live.storyboard */,
			);
			path = Live;
			sourceTree = "<group>";
		};
		0A9D73DF21CA1A3C00CDF6A4 /* Main */ = {
			isa = PBXGroup;
			children = (
				0A78A1A321CC92590001C89D /* Controller */,
				0A78A1A521CC92590001C89D /* Model */,
				0A78A1A621CC92590001C89D /* View */,
				0A0819E121C9D5DA002B2FB3 /* Main.storyboard */,
			);
			path = Main;
			sourceTree = "<group>";
		};
		2D86FE84469CA67AE4C1B72A /* Frameworks */ = {
			isa = PBXGroup;
			children = (
				305957B77D7D71DBFD55DD60 /* Pods_DouYuZ.framework */,
			);
			name = Frameworks;
			sourceTree = "<group>";
		};
		9D70EDB7614D1A2E45169B21 /* Pods */ = {
			isa = PBXGroup;
			children = (
				AE674827DD492C18C5AB3ED5 /* Pods-DouYuZ.debug.xcconfig */,
				F04BA71014C10524B3049738 /* Pods-DouYuZ.release.xcconfig */,
			);
			name = Pods;
			sourceTree = "<group>";
		};
/* End PBXGroup section */

/* Begin PBXNativeTarget section */
		0A0819D921C9D5DA002B2FB3 /* DouYuZ */ = {
			isa = PBXNativeTarget;
			buildConfigurationList = 0A0819EC21C9D5DC002B2FB3 /* Build configuration list for PBXNativeTarget "DouYuZ" */;
			buildPhases = (
				31F14919811FA34FFA3BBFD0 /* [CP] Check Pods Manifest.lock */,
				0A0819D621C9D5DA002B2FB3 /* Sources */,
				0A0819D721C9D5DA002B2FB3 /* Frameworks */,
				0A0819D821C9D5DA002B2FB3 /* Resources */,
				7E983DFEDEF326FEC9C9A609 /* [CP] Embed Pods Frameworks */,
			);
			buildRules = (
			);
			dependencies = (
			);
			name = DouYuZ;
			productName = DouYuZ;
			productReference = 0A0819DA21C9D5DA002B2FB3 /* DouYuZ.app */;
			productType = "com.apple.product-type.application";
		};
/* End PBXNativeTarget section */

/* Begin PBXProject section */
		0A0819D221C9D5DA002B2FB3 /* Project object */ = {
			isa = PBXProject;
			attributes = {
				LastSwiftUpdateCheck = 1010;
				LastUpgradeCheck = 1010;
				ORGANIZATIONNAME = jsonshenglong;
				TargetAttributes = {
					0A0819D921C9D5DA002B2FB3 = {
						CreatedOnToolsVersion = 10.1;
					};
				};
			};
			buildConfigurationList = 0A0819D521C9D5DA002B2FB3 /* Build configuration list for PBXProject "DouYuZ" */;
			compatibilityVersion = "Xcode 9.3";
			developmentRegion = en;
			hasScannedForEncodings = 0;
			knownRegions = (
				en,
				Base,
			);
			mainGroup = 0A0819D121C9D5DA002B2FB3;
			productRefGroup = 0A0819DB21C9D5DA002B2FB3 /* Products */;
			projectDirPath = "";
			projectRoot = "";
			targets = (
				0A0819D921C9D5DA002B2FB3 /* DouYuZ */,
			);
		};
/* End PBXProject section */

/* Begin PBXResourcesBuildPhase section */
		0A0819D821C9D5DA002B2FB3 /* Resources */ = {
			isa = PBXResourcesBuildPhase;
			buildActionMask = 2147483647;
			files = (
				0A0819E821C9D5DC002B2FB3 /* LaunchScreen.storyboard in Resources */,
				0A7F140521E721810052A88C /* CollectionHeaderView.xib in Resources */,
				0A0819E521C9D5DC002B2FB3 /* Assets.xcassets in Resources */,
				0A0819E321C9D5DA002B2FB3 /* Main.storyboard in Resources */,
				0A0096AF21CC84A50010691E /* Live.storyboard in Resources */,
				0A7F140921E72D0C0052A88C /* CollectionViewNormalCell.xib in Resources */,
				0A0096AC21CC84830010691E /* Home.storyboard in Resources */,
				0A7F140D21E736AC0052A88C /* CollectionPrettyCell.xib in Resources */,
				0A0096B521CC84F40010691E /* Profile.storyboard in Resources */,
				0A0096B221CC84C00010691E /* Follow.storyboard in Resources */,
			);
			runOnlyForDeploymentPostprocessing = 0;
		};
/* End PBXResourcesBuildPhase section */

/* Begin PBXShellScriptBuildPhase section */
		31F14919811FA34FFA3BBFD0 /* [CP] Check Pods Manifest.lock */ = {
			isa = PBXShellScriptBuildPhase;
			buildActionMask = 2147483647;
			files = (
			);
			inputFileListPaths = (
			);
			inputPaths = (
				"${PODS_PODFILE_DIR_PATH}/Podfile.lock",
				"${PODS_ROOT}/Manifest.lock",
			);
			name = "[CP] Check Pods Manifest.lock";
			outputFileListPaths = (
			);
			outputPaths = (
				"$(DERIVED_FILE_DIR)/Pods-DouYuZ-checkManifestLockResult.txt",
			);
			runOnlyForDeploymentPostprocessing = 0;
			shellPath = /bin/sh;
			shellScript = "diff \"${PODS_PODFILE_DIR_PATH}/Podfile.lock\" \"${PODS_ROOT}/Manifest.lock\" > /dev/null\nif [ $? != 0 ] ; then\n    # print error to STDERR\n    echo \"error: The sandbox is not in sync with the Podfile.lock. Run 'pod install' or update your CocoaPods installation.\" >&2\n    exit 1\nfi\n# This output is used by Xcode 'outputs' to avoid re-running this script phase.\necho \"SUCCESS\" > \"${SCRIPT_OUTPUT_FILE_0}\"\n";
			showEnvVarsInLog = 0;
		};
		7E983DFEDEF326FEC9C9A609 /* [CP] Embed Pods Frameworks */ = {
			isa = PBXShellScriptBuildPhase;
			buildActionMask = 2147483647;
			files = (
			);
			inputFileListPaths = (
			);
			inputPaths = (
				"${SRCROOT}/Pods/Target Support Files/Pods-DouYuZ/Pods-DouYuZ-frameworks.sh",
				"${BUILT_PRODUCTS_DIR}/Alamofire/Alamofire.framework",
			);
			name = "[CP] Embed Pods Frameworks";
			outputFileListPaths = (
			);
			outputPaths = (
				"${TARGET_BUILD_DIR}/${FRAMEWORKS_FOLDER_PATH}/Alamofire.framework",
			);
			runOnlyForDeploymentPostprocessing = 0;
			shellPath = /bin/sh;
			shellScript = "\"${SRCROOT}/Pods/Target Support Files/Pods-DouYuZ/Pods-DouYuZ-frameworks.sh\"\n";
			showEnvVarsInLog = 0;
		};
/* End PBXShellScriptBuildPhase section */

/* Begin PBXSourcesBuildPhase section */
		0A0819D621C9D5DA002B2FB3 /* Sources */ = {
			isa = PBXSourcesBuildPhase;
			buildActionMask = 2147483647;
			files = (
				0A0819DE21C9D5DA002B2FB3 /* AppDelegate.swift in Sources */,
				0A7F140421E721810052A88C /* CollectionHeaderView.swift in Sources */,
				0A8160E821D332050095AFD4 /* UIColor-Extension.swift in Sources */,
				0A7F140121E70E8D0052A88C /* RecommendViewController.swift in Sources */,
				0A7F141821E894240052A88C /* AnchorGroup.swift in Sources */,
				0A78A1A721CC92590001C89D /* MainViewController.swift in Sources */,
				0A7F140821E72D0C0052A88C /* CollectionViewNormalCell.swift in Sources */,
				0A78A1AE21CCC50E0001C89D /* PageTitleView.swift in Sources */,
				0A78A1B221CD3D530001C89D /* PageContentView.swift in Sources */,
				0A78A1AC21CCA8030001C89D /* UIBarButtonItem-Extension.swift in Sources */,
				0A7F140C21E736AC0052A88C /* CollectionPrettyCell.swift in Sources */,
				0A7F141421E85D1E0052A88C /* NSDate-Extension.swift in Sources */,
				0A78A1B021CCC9080001C89D /* Common.swift in Sources */,
				0A7F140F21E7485B0052A88C /* NetworkTools.swift in Sources */,
				0A78A1A921CC92E40001C89D /* HomeViewController.swift in Sources */,
				0A7F141221E750A70052A88C /* RecommendViewModel.swift in Sources */,
				0A7F141A21E897500052A88C /* AnchorModel.swift in Sources */,
			);
			runOnlyForDeploymentPostprocessing = 0;
		};
/* End PBXSourcesBuildPhase section */

/* Begin PBXVariantGroup section */
		0A0096AA21CC84830010691E /* Home.storyboard */ = {
			isa = PBXVariantGroup;
			children = (
				0A0096AB21CC84830010691E /* Base */,
			);
			name = Home.storyboard;
			sourceTree = "<group>";
		};
		0A0096AD21CC84A50010691E /* Live.storyboard */ = {
			isa = PBXVariantGroup;
			children = (
				0A0096AE21CC84A50010691E /* Base */,
			);
			name = Live.storyboard;
			sourceTree = "<group>";
		};
		0A0096B021CC84C00010691E /* Follow.storyboard */ = {
			isa = PBXVariantGroup;
			children = (
				0A0096B121CC84C00010691E /* Base */,
			);
			name = Follow.storyboard;
			sourceTree = "<group>";
		};
		0A0096B321CC84F40010691E /* Profile.storyboard */ = {
			isa = PBXVariantGroup;
			children = (
				0A0096B421CC84F40010691E /* Base */,
			);
			name = Profile.storyboard;
			sourceTree = "<group>";
		};
		0A0819E121C9D5DA002B2FB3 /* Main.storyboard */ = {
			isa = PBXVariantGroup;
			children = (
				0A0819E221C9D5DA002B2FB3 /* Base */,
			);
			name = Main.storyboard;
			sourceTree = "<group>";
		};
		0A0819E621C9D5DC002B2FB3 /* LaunchScreen.storyboard */ = {
			isa = PBXVariantGroup;
			children = (
				0A0819E721C9D5DC002B2FB3 /* Base */,
			);
			name = LaunchScreen.storyboard;
			sourceTree = "<group>";
		};
/* End PBXVariantGroup section */

/* Begin XCBuildConfiguration section */
		0A0819EA21C9D5DC002B2FB3 /* Debug */ = {
			isa = XCBuildConfiguration;
			buildSettings = {
				ALWAYS_SEARCH_USER_PATHS = NO;
				CLANG_ANALYZER_NONNULL = YES;
				CLANG_ANALYZER_NUMBER_OBJECT_CONVERSION = YES_AGGRESSIVE;
				CLANG_CXX_LANGUAGE_STANDARD = "gnu++14";
				CLANG_CXX_LIBRARY = "libc++";
				CLANG_ENABLE_MODULES = YES;
				CLANG_ENABLE_OBJC_ARC = YES;
				CLANG_ENABLE_OBJC_WEAK = YES;
				CLANG_WARN_BLOCK_CAPTURE_AUTORELEASING = YES;
				CLANG_WARN_BOOL_CONVERSION = YES;
				CLANG_WARN_COMMA = YES;
				CLANG_WARN_CONSTANT_CONVERSION = YES;
				CLANG_WARN_DEPRECATED_OBJC_IMPLEMENTATIONS = YES;
				CLANG_WARN_DIRECT_OBJC_ISA_USAGE = YES_ERROR;
				CLANG_WARN_DOCUMENTATION_COMMENTS = YES;
				CLANG_WARN_EMPTY_BODY = YES;
				CLANG_WARN_ENUM_CONVERSION = YES;
				CLANG_WARN_INFINITE_RECURSION = YES;
				CLANG_WARN_INT_CONVERSION = YES;
				CLANG_WARN_NON_LITERAL_NULL_CONVERSION = YES;
				CLANG_WARN_OBJC_IMPLICIT_RETAIN_SELF = YES;
				CLANG_WARN_OBJC_LITERAL_CONVERSION = YES;
				CLANG_WARN_OBJC_ROOT_CLASS = YES_ERROR;
				CLANG_WARN_RANGE_LOOP_ANALYSIS = YES;
				CLANG_WARN_STRICT_PROTOTYPES = YES;
				CLANG_WARN_SUSPICIOUS_MOVE = YES;
				CLANG_WARN_UNGUARDED_AVAILABILITY = YES_AGGRESSIVE;
				CLANG_WARN_UNREACHABLE_CODE = YES;
				CLANG_WARN__DUPLICATE_METHOD_MATCH = YES;
				CODE_SIGN_IDENTITY = "iPhone Developer";
				COPY_PHASE_STRIP = NO;
				DEBUG_INFORMATION_FORMAT = dwarf;
				ENABLE_STRICT_OBJC_MSGSEND = YES;
				ENABLE_TESTABILITY = YES;
				GCC_C_LANGUAGE_STANDARD = gnu11;
				GCC_DYNAMIC_NO_PIC = NO;
				GCC_NO_COMMON_BLOCKS = YES;
				GCC_OPTIMIZATION_LEVEL = 0;
				GCC_PREPROCESSOR_DEFINITIONS = (
					"DEBUG=1",
					"$(inherited)",
				);
				GCC_WARN_64_TO_32_BIT_CONVERSION = YES;
				GCC_WARN_ABOUT_RETURN_TYPE = YES_ERROR;
				GCC_WARN_UNDECLARED_SELECTOR = YES;
				GCC_WARN_UNINITIALIZED_AUTOS = YES_AGGRESSIVE;
				GCC_WARN_UNUSED_FUNCTION = YES;
				GCC_WARN_UNUSED_VARIABLE = YES;
				IPHONEOS_DEPLOYMENT_TARGET = 12.1;
				MTL_ENABLE_DEBUG_INFO = INCLUDE_SOURCE;
				MTL_FAST_MATH = YES;
				ONLY_ACTIVE_ARCH = YES;
				SDKROOT = iphoneos;
				SWIFT_ACTIVE_COMPILATION_CONDITIONS = DEBUG;
				SWIFT_OPTIMIZATION_LEVEL = "-Onone";
			};
			name = Debug;
		};
		0A0819EB21C9D5DC002B2FB3 /* Release */ = {
			isa = XCBuildConfiguration;
			buildSettings = {
				ALWAYS_SEARCH_USER_PATHS = NO;
				CLANG_ANALYZER_NONNULL = YES;
				CLANG_ANALYZER_NUMBER_OBJECT_CONVERSION = YES_AGGRESSIVE;
				CLANG_CXX_LANGUAGE_STANDARD = "gnu++14";
				CLANG_CXX_LIBRARY = "libc++";
				CLANG_ENABLE_MODULES = YES;
				CLANG_ENABLE_OBJC_ARC = YES;
				CLANG_ENABLE_OBJC_WEAK = YES;
				CLANG_WARN_BLOCK_CAPTURE_AUTORELEASING = YES;
				CLANG_WARN_BOOL_CONVERSION = YES;
				CLANG_WARN_COMMA = YES;
				CLANG_WARN_CONSTANT_CONVERSION = YES;
				CLANG_WARN_DEPRECATED_OBJC_IMPLEMENTATIONS = YES;
				CLANG_WARN_DIRECT_OBJC_ISA_USAGE = YES_ERROR;
				CLANG_WARN_DOCUMENTATION_COMMENTS = YES;
				CLANG_WARN_EMPTY_BODY = YES;
				CLANG_WARN_ENUM_CONVERSION = YES;
				CLANG_WARN_INFINITE_RECURSION = YES;
				CLANG_WARN_INT_CONVERSION = YES;
				CLANG_WARN_NON_LITERAL_NULL_CONVERSION = YES;
				CLANG_WARN_OBJC_IMPLICIT_RETAIN_SELF = YES;
				CLANG_WARN_OBJC_LITERAL_CONVERSION = YES;
				CLANG_WARN_OBJC_ROOT_CLASS = YES_ERROR;
				CLANG_WARN_RANGE_LOOP_ANALYSIS = YES;
				CLANG_WARN_STRICT_PROTOTYPES = YES;
				CLANG_WARN_SUSPICIOUS_MOVE = YES;
				CLANG_WARN_UNGUARDED_AVAILABILITY = YES_AGGRESSIVE;
				CLANG_WARN_UNREACHABLE_CODE = YES;
				CLANG_WARN__DUPLICATE_METHOD_MATCH = YES;
				CODE_SIGN_IDENTITY = "iPhone Developer";
				COPY_PHASE_STRIP = NO;
				DEBUG_INFORMATION_FORMAT = "dwarf-with-dsym";
				ENABLE_NS_ASSERTIONS = NO;
				ENABLE_STRICT_OBJC_MSGSEND = YES;
				GCC_C_LANGUAGE_STANDARD = gnu11;
				GCC_NO_COMMON_BLOCKS = YES;
				GCC_WARN_64_TO_32_BIT_CONVERSION = YES;
				GCC_WARN_ABOUT_RETURN_TYPE = YES_ERROR;
				GCC_WARN_UNDECLARED_SELECTOR = YES;
				GCC_WARN_UNINITIALIZED_AUTOS = YES_AGGRESSIVE;
				GCC_WARN_UNUSED_FUNCTION = YES;
				GCC_WARN_UNUSED_VARIABLE = YES;
				IPHONEOS_DEPLOYMENT_TARGET = 12.1;
				MTL_ENABLE_DEBUG_INFO = NO;
				MTL_FAST_MATH = YES;
				SDKROOT = iphoneos;
				SWIFT_COMPILATION_MODE = wholemodule;
				SWIFT_OPTIMIZATION_LEVEL = "-O";
				VALIDATE_PRODUCT = YES;
			};
			name = Release;
		};
		0A0819ED21C9D5DC002B2FB3 /* Debug */ = {
			isa = XCBuildConfiguration;
			baseConfigurationReference = AE674827DD492C18C5AB3ED5 /* Pods-DouYuZ.debug.xcconfig */;
			buildSettings = {
				ASSETCATALOG_COMPILER_APPICON_NAME = AppIcon;
				ASSETCATALOG_COMPILER_LAUNCHIMAGE_NAME = LaunchImage;
				CODE_SIGN_STYLE = Automatic;
				DEVELOPMENT_TEAM = 4GCS52GS3J;
				INFOPLIST_FILE = DouYuZ/Info.plist;
				IPHONEOS_DEPLOYMENT_TARGET = 9.0;
				LD_RUNPATH_SEARCH_PATHS = (
					"$(inherited)",
					"@executable_path/Frameworks",
				);
				PRODUCT_BUNDLE_IDENTIFIER = jasonshenglong.DouYuZ;
				PRODUCT_NAME = "$(TARGET_NAME)";
				SWIFT_VERSION = 4.2;
				TARGETED_DEVICE_FAMILY = 1;
			};
			name = Debug;
		};
		0A0819EE21C9D5DC002B2FB3 /* Release */ = {
			isa = XCBuildConfiguration;
			baseConfigurationReference = F04BA71014C10524B3049738 /* Pods-DouYuZ.release.xcconfig */;
			buildSettings = {
				ASSETCATALOG_COMPILER_APPICON_NAME = AppIcon;
				ASSETCATALOG_COMPILER_LAUNCHIMAGE_NAME = LaunchImage;
				CODE_SIGN_STYLE = Automatic;
				DEVELOPMENT_TEAM = 4GCS52GS3J;
				INFOPLIST_FILE = DouYuZ/Info.plist;
				IPHONEOS_DEPLOYMENT_TARGET = 9.0;
				LD_RUNPATH_SEARCH_PATHS = (
					"$(inherited)",
					"@executable_path/Frameworks",
				);
				PRODUCT_BUNDLE_IDENTIFIER = jasonshenglong.DouYuZ;
				PRODUCT_NAME = "$(TARGET_NAME)";
				SWIFT_VERSION = 4.2;
				TARGETED_DEVICE_FAMILY = 1;
			};
			name = Release;
		};
/* End XCBuildConfiguration section */

/* Begin XCConfigurationList section */
		0A0819D521C9D5DA002B2FB3 /* Build configuration list for PBXProject "DouYuZ" */ = {
			isa = XCConfigurationList;
			buildConfigurations = (
				0A0819EA21C9D5DC002B2FB3 /* Debug */,
				0A0819EB21C9D5DC002B2FB3 /* Release */,
			);
			defaultConfigurationIsVisible = 0;
			defaultConfigurationName = Release;
		};
		0A0819EC21C9D5DC002B2FB3 /* Build configuration list for PBXNativeTarget "DouYuZ" */ = {
			isa = XCConfigurationList;
			buildConfigurations = (
				0A0819ED21C9D5DC002B2FB3 /* Debug */,
				0A0819EE21C9D5DC002B2FB3 /* Release */,
			);
			defaultConfigurationIsVisible = 0;
			defaultConfigurationName = Release;
		};
/* End XCConfigurationList section */
	};
	rootObject = 0A0819D221C9D5DA002B2FB3 /* Project object */;
}
